schema: '2.0'
stages:
  prepare:
    cmd: python src/data/make_dataset.py data/raw data/preprocessed
    deps:
    - path: data/raw
      hash: md5
      md5: 90c3e04bb8fa1558eb70f9096b5b6010.dir
      size: 31082914
      nfiles: 4
    - path: src/data/make_dataset.py
      hash: md5
      md5: 58a4e2172660f101e56d8a50cf79e0d0
      size: 9666
    outs:
    - path: data/preprocessed
      hash: md5
      md5: 34b7b7a80c1b5d66d86e05a7978b83e9.dir
      size: 5882269
      nfiles: 4
  train:
    cmd: python src/models/train_model.py
    deps:
    - path: data/preprocessed
      hash: md5
      md5: 34b7b7a80c1b5d66d86e05a7978b83e9.dir
      size: 5882269
      nfiles: 4
    - path: src/models/train_model.py
      hash: md5
      md5: 9ebb5b6eb9ad2705de5a46cbb09c9f8a
      size: 860
    outs:
    - path: models/trained_model.joblib
      hash: md5
      md5: 0f10e89d76862e11676f48e4cadda602
      size: 206250841
  evaluation:
    cmd: python src/models/evaluate_model.py
    deps:
    - path: models/trained_model.joblib
      hash: md5
      md5: 0f10e89d76862e11676f48e4cadda602
      size: 206250841
    - path: src/models/evaluate_model.py
      hash: md5
      md5: 65d1f5754404f287ba753d7a6e2d59af
      size: 831
    outs:
    - path: metrics/accuracy.json
      hash: md5
      md5: b35c321c40143cd173da841d1335df23
      size: 32
